
Microsoft Visual Studio Solution File, Format Version 12.00
# Visual Studio 2013
VisualStudioVersion = 12.0.30723.0
MinimumVisualStudioVersion = 10.0.40219.1
Project("{FAE04EC0-301F-11D3-BF4B-00C04F79EFBC}") = "ColorRunServer", "ColorRunServer\ColorRunServer.csproj", "{645C7397-2A40-4A0B-B686-02A82A579676}"
EndProject
Project("{FAE04EC0-301F-11D3-BF4B-00C04F79EFBC}") = "ColorRunGame", "ColorRunGame\ColorRunGame.csproj", "{8590E7AA-8661-4A0B-BE92-7FE4C4B68757}"
EndProject
Global
	GlobalSection(SolutionConfigurationPlatforms) = preSolution
		Debug|Any CPU = Debug|Any CPU
		Release|Any CPU = Release|Any CPU
	EndGlobalSection
	GlobalSection(ProjectConfigurationPlatforms) = postSolution
		{645C7397-2A40-4A0B-B686-02A82A579676}.Debug|Any CPU.ActiveCfg = Debug|Any CPU
		{645C7397-2A40-4A0B-B686-02A82A579676}.Debug|Any CPU.Build.0 = Debug|Any CPU
		{645C7397-2A40-4A0B-B686-02A82A579676}.Release|Any CPU.ActiveCfg = Release|Any CPU
		{645C7397-2A40-4A0B-B686-02A82A579676}.Release|Any CPU.Build.0 = Release|Any CPU
		{8590E7AA-8661-4A0B-BE92-7FE4C4B68757}.Debug|Any CPU.ActiveCfg = Debug|Any CPU
		{8590E7AA-8661-4A0B-BE92-7FE4C4B68757}.Debug|Any CPU.Build.0 = Debug|Any CPU
		{8590E7AA-8661-4A0B-BE92-7FE4C4B68757}.Release|Any CPU.ActiveCfg = Release|Any CPU
		{8590E7AA-8661-4A0B-BE92-7FE4C4B68757}.Release|Any CPU.Build.0 = Release|Any CPU
	EndGlobalSection
	GlobalSection(SolutionProperties) = preSolution
		HideSolutionNode = FALSE
	EndGlobalSection
EndGlobal
